
Microsoft Visual Studio Solution File, Format Version 12.00
# Visual Studio Version 16
VisualStudioVersion = 16.0.31313.79
MinimumVisualStudioVersion = 10.0.40219.1
Project("{9A19103F-16F7-4668-BE54-9A1E7A4F7556}") = "SawMill", "SawMill\SawMill.csproj", "{7065C9FF-2231-4317-B923-EC7D04876F23}"
	ProjectSection(ProjectDependencies) = postProject
		{7CC2DCC8-A131-4C04-BCD1-8D5B61D4C12B} = {7CC2DCC8-A131-4C04-BCD1-8D5B61D4C12B}
		{A60BCAED-06AC-4DE8-81FE-CDAB532E2C59} = {A60BCAED-06AC-4DE8-81FE-CDAB532E2C59}
	EndProjectSection
EndProject
Project("{2150E333-8FDC-42A3-9474-1A3956D46DE8}") = "Plugins", "Plugins", "{9F058D7A-BA3D-4874-A0B0-1FCA63CABFB8}"
EndProject
Project("{2150E333-8FDC-42A3-9474-1A3956D46DE8}") = "File", "File", "{98CDD92E-9089-415E-96FC-D45799423A7A}"
EndProject
Project("{9A19103F-16F7-4668-BE54-9A1E7A4F7556}") = "FIPF", "Plugins\File\FIPF\FIPF.csproj", "{7CC2DCC8-A131-4C04-BCD1-8D5B61D4C12B}"
EndProject
Project("{9A19103F-16F7-4668-BE54-9A1E7A4F7556}") = "PluginInterface", "Plugins\PluginInterface\PluginInterface.csproj", "{A179233A-4333-451F-AF7D-C491FFAAB209}"
EndProject
Project("{9A19103F-16F7-4668-BE54-9A1E7A4F7556}") = "CommentzWalter", "Plugins\File\CommentzWalter\CommentzWalter.csproj", "{A60BCAED-06AC-4DE8-81FE-CDAB532E2C59}"
EndProject
Global
	GlobalSection(SolutionConfigurationPlatforms) = preSolution
		Debug|Any CPU = Debug|Any CPU
		Release|Any CPU = Release|Any CPU
	EndGlobalSection
	GlobalSection(ProjectConfigurationPlatforms) = postSolution
		{7065C9FF-2231-4317-B923-EC7D04876F23}.Debug|Any CPU.ActiveCfg = Debug|Any CPU
		{7065C9FF-2231-4317-B923-EC7D04876F23}.Debug|Any CPU.Build.0 = Debug|Any CPU
		{7065C9FF-2231-4317-B923-EC7D04876F23}.Release|Any CPU.ActiveCfg = Release|Any CPU
		{7065C9FF-2231-4317-B923-EC7D04876F23}.Release|Any CPU.Build.0 = Release|Any CPU
		{7CC2DCC8-A131-4C04-BCD1-8D5B61D4C12B}.Debug|Any CPU.ActiveCfg = Debug|Any CPU
		{7CC2DCC8-A131-4C04-BCD1-8D5B61D4C12B}.Debug|Any CPU.Build.0 = Debug|Any CPU
		{7CC2DCC8-A131-4C04-BCD1-8D5B61D4C12B}.Release|Any CPU.ActiveCfg = Release|Any CPU
		{7CC2DCC8-A131-4C04-BCD1-8D5B61D4C12B}.Release|Any CPU.Build.0 = Release|Any CPU
		{A179233A-4333-451F-AF7D-C491FFAAB209}.Debug|Any CPU.ActiveCfg = Debug|Any CPU
		{A179233A-4333-451F-AF7D-C491FFAAB209}.Debug|Any CPU.Build.0 = Debug|Any CPU
		{A179233A-4333-451F-AF7D-C491FFAAB209}.Release|Any CPU.ActiveCfg = Release|Any CPU
		{A179233A-4333-451F-AF7D-C491FFAAB209}.Release|Any CPU.Build.0 = Release|Any CPU
		{A60BCAED-06AC-4DE8-81FE-CDAB532E2C59}.Debug|Any CPU.ActiveCfg = Debug|Any CPU
		{A60BCAED-06AC-4DE8-81FE-CDAB532E2C59}.Debug|Any CPU.Build.0 = Debug|Any CPU
		{A60BCAED-06AC-4DE8-81FE-CDAB532E2C59}.Release|Any CPU.ActiveCfg = Release|Any CPU
		{A60BCAED-06AC-4DE8-81FE-CDAB532E2C59}.Release|Any CPU.Build.0 = Release|Any CPU
	EndGlobalSection
	GlobalSection(SolutionProperties) = preSolution
		HideSolutionNode = FALSE
	EndGlobalSection
	GlobalSection(NestedProjects) = preSolution
		{98CDD92E-9089-415E-96FC-D45799423A7A} = {9F058D7A-BA3D-4874-A0B0-1FCA63CABFB8}
		{7CC2DCC8-A131-4C04-BCD1-8D5B61D4C12B} = {98CDD92E-9089-415E-96FC-D45799423A7A}
		{A179233A-4333-451F-AF7D-C491FFAAB209} = {9F058D7A-BA3D-4874-A0B0-1FCA63CABFB8}
		{A60BCAED-06AC-4DE8-81FE-CDAB532E2C59} = {98CDD92E-9089-415E-96FC-D45799423A7A}
	EndGlobalSection
	GlobalSection(ExtensibilityGlobals) = postSolution
		SolutionGuid = {85A27D17-8DAC-4BC5-A588-90F51CD3D273}
	EndGlobalSection
EndGlobal
